
Microsoft Visual Studio Solution File, Format Version 12.00
# Visual Studio Version 16
VisualStudioVersion = 16.0.29326.143
MinimumVisualStudioVersion = 10.0.40219.1
Project("{FAE04EC0-301F-11D3-BF4B-00C04F79EFBC}") = "EventsAndDelegatesMadeSimpleMosh", "EventsAndDelegatesMadeSimpleMosh\EventsAndDelegatesMadeSimpleMosh.csproj", "{062E1836-02C4-49E6-9C4F-D4AC18C8085B}"
EndProject
Global
	GlobalSection(SolutionConfigurationPlatforms) = preSolution
		Debug|Any CPU = Debug|Any CPU
		Release|Any CPU = Release|Any CPU
	EndGlobalSection
	GlobalSection(ProjectConfigurationPlatforms) = postSolution
		{062E1836-02C4-49E6-9C4F-D4AC18C8085B}.Debug|Any CPU.ActiveCfg = Debug|Any CPU
		{062E1836-02C4-49E6-9C4F-D4AC18C8085B}.Debug|Any CPU.Build.0 = Debug|Any CPU
		{062E1836-02C4-49E6-9C4F-D4AC18C8085B}.Release|Any CPU.ActiveCfg = Release|Any CPU
		{062E1836-02C4-49E6-9C4F-D4AC18C8085B}.Release|Any CPU.Build.0 = Release|Any CPU
	EndGlobalSection
	GlobalSection(SolutionProperties) = preSolution
		HideSolutionNode = FALSE
	EndGlobalSection
	GlobalSection(ExtensibilityGlobals) = postSolution
		SolutionGuid = {A11D0396-488C-4DCB-ACC7-583303C94C5A}
	EndGlobalSection
EndGlobal
